
Microsoft Visual Studio Solution File, Format Version 12.00
# Visual Studio Version 17
VisualStudioVersion = 17.14.36109.1 d17.14
MinimumVisualStudioVersion = 10.0.40219.1
Project("{FAE04EC0-301F-11D3-BF4B-00C04F79EFBC}") = "Keresztrejtveny", "Keresztrejtveny\Keresztrejtveny.csproj", "{5E2BFDD1-20A2-41A4-A693-512FE9580BFB}"
EndProject
Global
	GlobalSection(SolutionConfigurationPlatforms) = preSolution
		Debug|Any CPU = Debug|Any CPU
		Release|Any CPU = Release|Any CPU
	EndGlobalSection
	GlobalSection(ProjectConfigurationPlatforms) = postSolution
		{5E2BFDD1-20A2-41A4-A693-512FE9580BFB}.Debug|Any CPU.ActiveCfg = Debug|Any CPU
		{5E2BFDD1-20A2-41A4-A693-512FE9580BFB}.Debug|Any CPU.Build.0 = Debug|Any CPU
		{5E2BFDD1-20A2-41A4-A693-512FE9580BFB}.Release|Any CPU.ActiveCfg = Release|Any CPU
		{5E2BFDD1-20A2-41A4-A693-512FE9580BFB}.Release|Any CPU.Build.0 = Release|Any CPU
	EndGlobalSection
	GlobalSection(SolutionProperties) = preSolution
		HideSolutionNode = FALSE
	EndGlobalSection
	GlobalSection(ExtensibilityGlobals) = postSolution
		SolutionGuid = {14D0D05F-5C27-41FC-96B1-63DEDAA50662}
	EndGlobalSection
EndGlobal
